
Microsoft Visual Studio Solution File, Format Version 12.00
# Visual Studio Version 16
VisualStudioVersion = 16.0.29209.62
MinimumVisualStudioVersion = 10.0.40219.1
Project("{FAE04EC0-301F-11D3-BF4B-00C04F79EFBC}") = "WebAppFSIS", "WebAppFSIS\WebAppFSIS.csproj", "{DF075513-4280-460C-95A0-4025DB980281}"
EndProject
Project("{FAE04EC0-301F-11D3-BF4B-00C04F79EFBC}") = "FSISSystem", "FSISSystem\FSISSystem.csproj", "{72BEA416-5896-4A66-9F4D-F66CD11F5B6F}"
EndProject
Global
	GlobalSection(SolutionConfigurationPlatforms) = preSolution
		Debug|Any CPU = Debug|Any CPU
		Release|Any CPU = Release|Any CPU
	EndGlobalSection
	GlobalSection(ProjectConfigurationPlatforms) = postSolution
		{DF075513-4280-460C-95A0-4025DB980281}.Debug|Any CPU.ActiveCfg = Debug|Any CPU
		{DF075513-4280-460C-95A0-4025DB980281}.Debug|Any CPU.Build.0 = Debug|Any CPU
		{DF075513-4280-460C-95A0-4025DB980281}.Release|Any CPU.ActiveCfg = Release|Any CPU
		{DF075513-4280-460C-95A0-4025DB980281}.Release|Any CPU.Build.0 = Release|Any CPU
		{72BEA416-5896-4A66-9F4D-F66CD11F5B6F}.Debug|Any CPU.ActiveCfg = Debug|Any CPU
		{72BEA416-5896-4A66-9F4D-F66CD11F5B6F}.Debug|Any CPU.Build.0 = Debug|Any CPU
		{72BEA416-5896-4A66-9F4D-F66CD11F5B6F}.Release|Any CPU.ActiveCfg = Release|Any CPU
		{72BEA416-5896-4A66-9F4D-F66CD11F5B6F}.Release|Any CPU.Build.0 = Release|Any CPU
	EndGlobalSection
	GlobalSection(SolutionProperties) = preSolution
		HideSolutionNode = FALSE
	EndGlobalSection
	GlobalSection(ExtensibilityGlobals) = postSolution
		SolutionGuid = {DC623F62-3A62-4F9C-A439-BFA994BFCC5F}
	EndGlobalSection
EndGlobal
